
Microsoft Visual Studio Solution File, Format Version 12.00
# Visual Studio Version 17
VisualStudioVersion = 17.6.33829.357
MinimumVisualStudioVersion = 10.0.40219.1
Project("{9A19103F-16F7-4668-BE54-9A1E7A4F7556}") = "TelegramBot_OpenAI", "TelegramBot_OpenAI.csproj", "{B279B4B9-C07D-46DC-B7CD-4CF98D06A106}"
EndProject
Global
	GlobalSection(SolutionConfigurationPlatforms) = preSolution
		Debug|Any CPU = Debug|Any CPU
		Release|Any CPU = Release|Any CPU
	EndGlobalSection
	GlobalSection(ProjectConfigurationPlatforms) = postSolution
		{B279B4B9-C07D-46DC-B7CD-4CF98D06A106}.Debug|Any CPU.ActiveCfg = Debug|Any CPU
		{B279B4B9-C07D-46DC-B7CD-4CF98D06A106}.Debug|Any CPU.Build.0 = Debug|Any CPU
		{B279B4B9-C07D-46DC-B7CD-4CF98D06A106}.Release|Any CPU.ActiveCfg = Release|Any CPU
		{B279B4B9-C07D-46DC-B7CD-4CF98D06A106}.Release|Any CPU.Build.0 = Release|Any CPU
	EndGlobalSection
	GlobalSection(SolutionProperties) = preSolution
		HideSolutionNode = FALSE
	EndGlobalSection
	GlobalSection(ExtensibilityGlobals) = postSolution
		SolutionGuid = {AD5CE34E-06F7-4C9B-B695-F52D77E09728}
	EndGlobalSection
EndGlobal
